
Microsoft Visual Studio Solution File, Format Version 12.00
# Visual Studio Version 17
VisualStudioVersion = 17.6.33723.286
MinimumVisualStudioVersion = 10.0.40219.1
Project("{FAE04EC0-301F-11D3-BF4B-00C04F79EFBC}") = "My QuickCarry", "My QuickCarry\My QuickCarry.csproj", "{15967C74-CC6C-4554-8BDF-EBE9ED2D95B0}"
EndProject
Project("{2150E333-8FDC-42A3-9474-1A3956D46DE8}") = "Elementos de la solución", "Elementos de la solución", "{04F0E7AF-F777-4D6C-A8ED-8951AEBB550E}"
EndProject
Global
	GlobalSection(SolutionConfigurationPlatforms) = preSolution
		Debug|Any CPU = Debug|Any CPU
		Release|Any CPU = Release|Any CPU
	EndGlobalSection
	GlobalSection(ProjectConfigurationPlatforms) = postSolution
		{15967C74-CC6C-4554-8BDF-EBE9ED2D95B0}.Debug|Any CPU.ActiveCfg = Debug|Any CPU
		{15967C74-CC6C-4554-8BDF-EBE9ED2D95B0}.Debug|Any CPU.Build.0 = Debug|Any CPU
		{15967C74-CC6C-4554-8BDF-EBE9ED2D95B0}.Release|Any CPU.ActiveCfg = Release|Any CPU
		{15967C74-CC6C-4554-8BDF-EBE9ED2D95B0}.Release|Any CPU.Build.0 = Release|Any CPU
	EndGlobalSection
	GlobalSection(SolutionProperties) = preSolution
		HideSolutionNode = FALSE
	EndGlobalSection
	GlobalSection(ExtensibilityGlobals) = postSolution
		SolutionGuid = {6970920A-258E-4D64-8838-01AD883C0539}
	EndGlobalSection
EndGlobal
